
Microsoft Visual Studio Solution File, Format Version 12.00
# Visual Studio 15
VisualStudioVersion = 15.0.28307.421
MinimumVisualStudioVersion = 10.0.40219.1
Project("{FAE04EC0-301F-11D3-BF4B-00C04F79EFBC}") = "TCPClient", "TCPClient\TCPClient.csproj", "{9119F7AC-3B36-4B38-BB8F-2333964624EB}"
EndProject
Global
	GlobalSection(SolutionConfigurationPlatforms) = preSolution
		Debug|Any CPU = Debug|Any CPU
		Release|Any CPU = Release|Any CPU
	EndGlobalSection
	GlobalSection(ProjectConfigurationPlatforms) = postSolution
		{9119F7AC-3B36-4B38-BB8F-2333964624EB}.Debug|Any CPU.ActiveCfg = Debug|Any CPU
		{9119F7AC-3B36-4B38-BB8F-2333964624EB}.Debug|Any CPU.Build.0 = Debug|Any CPU
		{9119F7AC-3B36-4B38-BB8F-2333964624EB}.Release|Any CPU.ActiveCfg = Release|Any CPU
		{9119F7AC-3B36-4B38-BB8F-2333964624EB}.Release|Any CPU.Build.0 = Release|Any CPU
	EndGlobalSection
	GlobalSection(SolutionProperties) = preSolution
		HideSolutionNode = FALSE
	EndGlobalSection
	GlobalSection(ExtensibilityGlobals) = postSolution
		SolutionGuid = {BF2C164D-7BF7-4C1F-AC1E-43B655B8A433}
	EndGlobalSection
EndGlobal
